
Microsoft Visual Studio Solution File, Format Version 12.00
# Visual Studio Version 17
Project("{2150E333-8FDC-42A3-9474-1A3956D46DE8}") = "cmake", "cmake", "{1E4A98DD-ABDB-3196-B8C3-1A9F9016087E}"
EndProject
Project("{2150E333-8FDC-42A3-9474-1A3956D46DE8}") = "glslang", "glslang", "{67C97216-7C38-3601-84DD-EF079D51F47E}"
EndProject
Project("{2150E333-8FDC-42A3-9474-1A3956D46DE8}") = "libncnn", "libncnn", "{DCFE9AD5-61A6-36E1-BEAB-4CF6E7E84343}"
EndProject
Project("{8BC9CEB8-8B4A-11D0-8D11-00A0C91BC942}") = "ALL_BUILD", "ALL_BUILD.vcxproj", "{F2339756-1683-32BD-A156-14121D3D8A06}"
	ProjectSection(ProjectDependencies) = postProject
		{47E7C8D6-F9D1-3431-9D2A-7FBE183A58D4} = {47E7C8D6-F9D1-3431-9D2A-7FBE183A58D4}
		{BEC3C4C1-C380-3983-9DD3-0B361226DBEB} = {BEC3C4C1-C380-3983-9DD3-0B361226DBEB}
		{8CCE6A28-3015-3C5A-8736-57C39FF72C14} = {8CCE6A28-3015-3C5A-8736-57C39FF72C14}
		{2A156381-65CB-36B0-9F64-FAB4F7C4DD4B} = {2A156381-65CB-36B0-9F64-FAB4F7C4DD4B}
		{0737FC71-18AD-3EF2-8312-4FF8B35EEB0D} = {0737FC71-18AD-3EF2-8312-4FF8B35EEB0D}
		{744DEBDA-5B96-3EC5-865A-3B39B3422ED7} = {744DEBDA-5B96-3EC5-865A-3B39B3422ED7}
		{BF7390EB-E01D-34F2-9B52-7D38BB9E7E42} = {BF7390EB-E01D-34F2-9B52-7D38BB9E7E42}
		{CE9724F5-8A33-3613-955E-1E6D80B12744} = {CE9724F5-8A33-3613-955E-1E6D80B12744}
		{895F8BC7-F804-3B42-8920-554D1B81939A} = {895F8BC7-F804-3B42-8920-554D1B81939A}
		{6C3D6F5E-73A7-3484-AA44-A4CD846B72F9} = {6C3D6F5E-73A7-3484-AA44-A4CD846B72F9}
		{66E89723-F79F-35C9-A64F-3E3E638344CE} = {66E89723-F79F-35C9-A64F-3E3E638344CE}
		{6C032D66-3242-342C-B187-1D2B6653F24E} = {6C032D66-3242-342C-B187-1D2B6653F24E}
		{B75A3873-BF8A-34DF-94EB-4BC249FA1127} = {B75A3873-BF8A-34DF-94EB-4BC249FA1127}
		{2101A511-6307-30DE-B351-51E8652A184E} = {2101A511-6307-30DE-B351-51E8652A184E}
		{3178C3C2-C344-315A-9A71-3D5314AA4A94} = {3178C3C2-C344-315A-9A71-3D5314AA4A94}
		{A7C609DF-E701-3ABE-BFFD-95D7FC98292A} = {A7C609DF-E701-3ABE-BFFD-95D7FC98292A}
		{F2DA8290-6C80-3399-9B7C-D987C1B2CBBC} = {F2DA8290-6C80-3399-9B7C-D987C1B2CBBC}
		{FDD26FE5-1900-3E53-8728-FE15EC6F41FF} = {FDD26FE5-1900-3E53-8728-FE15EC6F41FF}
		{8C795F49-F5FA-360D-9492-0FAAEF5386BE} = {8C795F49-F5FA-360D-9492-0FAAEF5386BE}
		{CEE40B60-9711-36C5-8EC4-2C568C2F0976} = {CEE40B60-9711-36C5-8EC4-2C568C2F0976}
	EndProjectSection
EndProject
Project("{8BC9CEB8-8B4A-11D0-8D11-00A0C91BC942}") = "GenericCodeGen", "ncnn\glslang\glslang\GenericCodeGen.vcxproj", "{47E7C8D6-F9D1-3431-9D2A-7FBE183A58D4}"
	ProjectSection(ProjectDependencies) = postProject
		{744DEBDA-5B96-3EC5-865A-3B39B3422ED7} = {744DEBDA-5B96-3EC5-865A-3B39B3422ED7}
	EndProjectSection
EndProject
Project("{8BC9CEB8-8B4A-11D0-8D11-00A0C91BC942}") = "INSTALL", "INSTALL.vcxproj", "{D236EC46-D339-36F4-8BA9-EE9F3AB819C9}"
	ProjectSection(ProjectDependencies) = postProject
		{F2339756-1683-32BD-A156-14121D3D8A06} = {F2339756-1683-32BD-A156-14121D3D8A06}
		{744DEBDA-5B96-3EC5-865A-3B39B3422ED7} = {744DEBDA-5B96-3EC5-865A-3B39B3422ED7}
	EndProjectSection
EndProject
Project("{8BC9CEB8-8B4A-11D0-8D11-00A0C91BC942}") = "MachineIndependent", "ncnn\glslang\glslang\MachineIndependent.vcxproj", "{BEC3C4C1-C380-3983-9DD3-0B361226DBEB}"
	ProjectSection(ProjectDependencies) = postProject
		{47E7C8D6-F9D1-3431-9D2A-7FBE183A58D4} = {47E7C8D6-F9D1-3431-9D2A-7FBE183A58D4}
		{8CCE6A28-3015-3C5A-8736-57C39FF72C14} = {8CCE6A28-3015-3C5A-8736-57C39FF72C14}
		{2A156381-65CB-36B0-9F64-FAB4F7C4DD4B} = {2A156381-65CB-36B0-9F64-FAB4F7C4DD4B}
		{744DEBDA-5B96-3EC5-865A-3B39B3422ED7} = {744DEBDA-5B96-3EC5-865A-3B39B3422ED7}
	EndProjectSection
EndProject
Project("{8BC9CEB8-8B4A-11D0-8D11-00A0C91BC942}") = "OGLCompiler", "ncnn\glslang\OGLCompilersDLL\OGLCompiler.vcxproj", "{8CCE6A28-3015-3C5A-8736-57C39FF72C14}"
	ProjectSection(ProjectDependencies) = postProject
		{744DEBDA-5B96-3EC5-865A-3B39B3422ED7} = {744DEBDA-5B96-3EC5-865A-3B39B3422ED7}
	EndProjectSection
EndProject
Project("{8BC9CEB8-8B4A-11D0-8D11-00A0C91BC942}") = "OSDependent", "ncnn\glslang\glslang\OSDependent\Windows\OSDependent.vcxproj", "{2A156381-65CB-36B0-9F64-FAB4F7C4DD4B}"
	ProjectSection(ProjectDependencies) = postProject
		{744DEBDA-5B96-3EC5-865A-3B39B3422ED7} = {744DEBDA-5B96-3EC5-865A-3B39B3422ED7}
	EndProjectSection
EndProject
Project("{8BC9CEB8-8B4A-11D0-8D11-00A0C91BC942}") = "SPIRV", "ncnn\glslang\SPIRV\SPIRV.vcxproj", "{0737FC71-18AD-3EF2-8312-4FF8B35EEB0D}"
	ProjectSection(ProjectDependencies) = postProject
		{47E7C8D6-F9D1-3431-9D2A-7FBE183A58D4} = {47E7C8D6-F9D1-3431-9D2A-7FBE183A58D4}
		{BEC3C4C1-C380-3983-9DD3-0B361226DBEB} = {BEC3C4C1-C380-3983-9DD3-0B361226DBEB}
		{8CCE6A28-3015-3C5A-8736-57C39FF72C14} = {8CCE6A28-3015-3C5A-8736-57C39FF72C14}
		{2A156381-65CB-36B0-9F64-FAB4F7C4DD4B} = {2A156381-65CB-36B0-9F64-FAB4F7C4DD4B}
		{744DEBDA-5B96-3EC5-865A-3B39B3422ED7} = {744DEBDA-5B96-3EC5-865A-3B39B3422ED7}
	EndProjectSection
EndProject
Project("{8BC9CEB8-8B4A-11D0-8D11-00A0C91BC942}") = "ZERO_CHECK", "ZERO_CHECK.vcxproj", "{744DEBDA-5B96-3EC5-865A-3B39B3422ED7}"
	ProjectSection(ProjectDependencies) = postProject
	EndProjectSection
EndProject
Project("{8BC9CEB8-8B4A-11D0-8D11-00A0C91BC942}") = "generate-spirv", "generate-spirv.vcxproj", "{F865AD63-3907-39C9-BF01-8BD2D7DEA012}"
	ProjectSection(ProjectDependencies) = postProject
		{744DEBDA-5B96-3EC5-865A-3B39B3422ED7} = {744DEBDA-5B96-3EC5-865A-3B39B3422ED7}
	EndProjectSection
EndProject
Project("{8BC9CEB8-8B4A-11D0-8D11-00A0C91BC942}") = "glslang", "ncnn\glslang\glslang\glslang.vcxproj", "{BF7390EB-E01D-34F2-9B52-7D38BB9E7E42}"
	ProjectSection(ProjectDependencies) = postProject
		{47E7C8D6-F9D1-3431-9D2A-7FBE183A58D4} = {47E7C8D6-F9D1-3431-9D2A-7FBE183A58D4}
		{BEC3C4C1-C380-3983-9DD3-0B361226DBEB} = {BEC3C4C1-C380-3983-9DD3-0B361226DBEB}
		{8CCE6A28-3015-3C5A-8736-57C39FF72C14} = {8CCE6A28-3015-3C5A-8736-57C39FF72C14}
		{2A156381-65CB-36B0-9F64-FAB4F7C4DD4B} = {2A156381-65CB-36B0-9F64-FAB4F7C4DD4B}
		{744DEBDA-5B96-3EC5-865A-3B39B3422ED7} = {744DEBDA-5B96-3EC5-865A-3B39B3422ED7}
	EndProjectSection
EndProject
Project("{8BC9CEB8-8B4A-11D0-8D11-00A0C91BC942}") = "ifrnet-ncnn-vulkan", "ifrnet-ncnn-vulkan.vcxproj", "{CE9724F5-8A33-3613-955E-1E6D80B12744}"
	ProjectSection(ProjectDependencies) = postProject
		{47E7C8D6-F9D1-3431-9D2A-7FBE183A58D4} = {47E7C8D6-F9D1-3431-9D2A-7FBE183A58D4}
		{BEC3C4C1-C380-3983-9DD3-0B361226DBEB} = {BEC3C4C1-C380-3983-9DD3-0B361226DBEB}
		{8CCE6A28-3015-3C5A-8736-57C39FF72C14} = {8CCE6A28-3015-3C5A-8736-57C39FF72C14}
		{2A156381-65CB-36B0-9F64-FAB4F7C4DD4B} = {2A156381-65CB-36B0-9F64-FAB4F7C4DD4B}
		{0737FC71-18AD-3EF2-8312-4FF8B35EEB0D} = {0737FC71-18AD-3EF2-8312-4FF8B35EEB0D}
		{744DEBDA-5B96-3EC5-865A-3B39B3422ED7} = {744DEBDA-5B96-3EC5-865A-3B39B3422ED7}
		{F865AD63-3907-39C9-BF01-8BD2D7DEA012} = {F865AD63-3907-39C9-BF01-8BD2D7DEA012}
		{BF7390EB-E01D-34F2-9B52-7D38BB9E7E42} = {BF7390EB-E01D-34F2-9B52-7D38BB9E7E42}
		{895F8BC7-F804-3B42-8920-554D1B81939A} = {895F8BC7-F804-3B42-8920-554D1B81939A}
		{66E89723-F79F-35C9-A64F-3E3E638344CE} = {66E89723-F79F-35C9-A64F-3E3E638344CE}
	EndProjectSection
EndProject
Project("{8BC9CEB8-8B4A-11D0-8D11-00A0C91BC942}") = "ncnn", "ncnn\src\ncnn.vcxproj", "{895F8BC7-F804-3B42-8920-554D1B81939A}"
	ProjectSection(ProjectDependencies) = postProject
		{47E7C8D6-F9D1-3431-9D2A-7FBE183A58D4} = {47E7C8D6-F9D1-3431-9D2A-7FBE183A58D4}
		{BEC3C4C1-C380-3983-9DD3-0B361226DBEB} = {BEC3C4C1-C380-3983-9DD3-0B361226DBEB}
		{8CCE6A28-3015-3C5A-8736-57C39FF72C14} = {8CCE6A28-3015-3C5A-8736-57C39FF72C14}
		{2A156381-65CB-36B0-9F64-FAB4F7C4DD4B} = {2A156381-65CB-36B0-9F64-FAB4F7C4DD4B}
		{0737FC71-18AD-3EF2-8312-4FF8B35EEB0D} = {0737FC71-18AD-3EF2-8312-4FF8B35EEB0D}
		{744DEBDA-5B96-3EC5-865A-3B39B3422ED7} = {744DEBDA-5B96-3EC5-865A-3B39B3422ED7}
		{BF7390EB-E01D-34F2-9B52-7D38BB9E7E42} = {BF7390EB-E01D-34F2-9B52-7D38BB9E7E42}
		{380A29BD-2876-357E-9D3B-1A59F8F86DA6} = {380A29BD-2876-357E-9D3B-1A59F8F86DA6}
	EndProjectSection
EndProject
Project("{8BC9CEB8-8B4A-11D0-8D11-00A0C91BC942}") = "ncnn-generate-spirv", "ncnn\src\ncnn-generate-spirv.vcxproj", "{380A29BD-2876-357E-9D3B-1A59F8F86DA6}"
	ProjectSection(ProjectDependencies) = postProject
		{744DEBDA-5B96-3EC5-865A-3B39B3422ED7} = {744DEBDA-5B96-3EC5-865A-3B39B3422ED7}
	EndProjectSection
EndProject
Project("{8BC9CEB8-8B4A-11D0-8D11-00A0C91BC942}") = "sharpyuv", "libwebp\sharpyuv.vcxproj", "{6C3D6F5E-73A7-3484-AA44-A4CD846B72F9}"
	ProjectSection(ProjectDependencies) = postProject
		{744DEBDA-5B96-3EC5-865A-3B39B3422ED7} = {744DEBDA-5B96-3EC5-865A-3B39B3422ED7}
	EndProjectSection
EndProject
Project("{8BC9CEB8-8B4A-11D0-8D11-00A0C91BC942}") = "webp", "libwebp\webp.vcxproj", "{66E89723-F79F-35C9-A64F-3E3E638344CE}"
	ProjectSection(ProjectDependencies) = postProject
		{744DEBDA-5B96-3EC5-865A-3B39B3422ED7} = {744DEBDA-5B96-3EC5-865A-3B39B3422ED7}
		{6C3D6F5E-73A7-3484-AA44-A4CD846B72F9} = {6C3D6F5E-73A7-3484-AA44-A4CD846B72F9}
		{6C032D66-3242-342C-B187-1D2B6653F24E} = {6C032D66-3242-342C-B187-1D2B6653F24E}
		{3178C3C2-C344-315A-9A71-3D5314AA4A94} = {3178C3C2-C344-315A-9A71-3D5314AA4A94}
		{F2DA8290-6C80-3399-9B7C-D987C1B2CBBC} = {F2DA8290-6C80-3399-9B7C-D987C1B2CBBC}
		{8C795F49-F5FA-360D-9492-0FAAEF5386BE} = {8C795F49-F5FA-360D-9492-0FAAEF5386BE}
	EndProjectSection
EndProject
Project("{8BC9CEB8-8B4A-11D0-8D11-00A0C91BC942}") = "webpdecode", "libwebp\webpdecode.vcxproj", "{6C032D66-3242-342C-B187-1D2B6653F24E}"
	ProjectSection(ProjectDependencies) = postProject
		{744DEBDA-5B96-3EC5-865A-3B39B3422ED7} = {744DEBDA-5B96-3EC5-865A-3B39B3422ED7}
	EndProjectSection
EndProject
Project("{8BC9CEB8-8B4A-11D0-8D11-00A0C91BC942}") = "webpdecoder", "libwebp\webpdecoder.vcxproj", "{B75A3873-BF8A-34DF-94EB-4BC249FA1127}"
	ProjectSection(ProjectDependencies) = postProject
		{744DEBDA-5B96-3EC5-865A-3B39B3422ED7} = {744DEBDA-5B96-3EC5-865A-3B39B3422ED7}
		{6C032D66-3242-342C-B187-1D2B6653F24E} = {6C032D66-3242-342C-B187-1D2B6653F24E}
		{A7C609DF-E701-3ABE-BFFD-95D7FC98292A} = {A7C609DF-E701-3ABE-BFFD-95D7FC98292A}
		{CEE40B60-9711-36C5-8EC4-2C568C2F0976} = {CEE40B60-9711-36C5-8EC4-2C568C2F0976}
	EndProjectSection
EndProject
Project("{8BC9CEB8-8B4A-11D0-8D11-00A0C91BC942}") = "webpdemux", "libwebp\webpdemux.vcxproj", "{2101A511-6307-30DE-B351-51E8652A184E}"
	ProjectSection(ProjectDependencies) = postProject
		{744DEBDA-5B96-3EC5-865A-3B39B3422ED7} = {744DEBDA-5B96-3EC5-865A-3B39B3422ED7}
		{66E89723-F79F-35C9-A64F-3E3E638344CE} = {66E89723-F79F-35C9-A64F-3E3E638344CE}
	EndProjectSection
EndProject
Project("{8BC9CEB8-8B4A-11D0-8D11-00A0C91BC942}") = "webpdsp", "libwebp\webpdsp.vcxproj", "{3178C3C2-C344-315A-9A71-3D5314AA4A94}"
	ProjectSection(ProjectDependencies) = postProject
		{744DEBDA-5B96-3EC5-865A-3B39B3422ED7} = {744DEBDA-5B96-3EC5-865A-3B39B3422ED7}
	EndProjectSection
EndProject
Project("{8BC9CEB8-8B4A-11D0-8D11-00A0C91BC942}") = "webpdspdecode", "libwebp\webpdspdecode.vcxproj", "{A7C609DF-E701-3ABE-BFFD-95D7FC98292A}"
	ProjectSection(ProjectDependencies) = postProject
		{744DEBDA-5B96-3EC5-865A-3B39B3422ED7} = {744DEBDA-5B96-3EC5-865A-3B39B3422ED7}
	EndProjectSection
EndProject
Project("{8BC9CEB8-8B4A-11D0-8D11-00A0C91BC942}") = "webpencode", "libwebp\webpencode.vcxproj", "{F2DA8290-6C80-3399-9B7C-D987C1B2CBBC}"
	ProjectSection(ProjectDependencies) = postProject
		{744DEBDA-5B96-3EC5-865A-3B39B3422ED7} = {744DEBDA-5B96-3EC5-865A-3B39B3422ED7}
	EndProjectSection
EndProject
Project("{8BC9CEB8-8B4A-11D0-8D11-00A0C91BC942}") = "webpmux", "libwebp\webpmux.vcxproj", "{FDD26FE5-1900-3E53-8728-FE15EC6F41FF}"
	ProjectSection(ProjectDependencies) = postProject
		{744DEBDA-5B96-3EC5-865A-3B39B3422ED7} = {744DEBDA-5B96-3EC5-865A-3B39B3422ED7}
		{66E89723-F79F-35C9-A64F-3E3E638344CE} = {66E89723-F79F-35C9-A64F-3E3E638344CE}
	EndProjectSection
EndProject
Project("{8BC9CEB8-8B4A-11D0-8D11-00A0C91BC942}") = "webputils", "libwebp\webputils.vcxproj", "{8C795F49-F5FA-360D-9492-0FAAEF5386BE}"
	ProjectSection(ProjectDependencies) = postProject
		{744DEBDA-5B96-3EC5-865A-3B39B3422ED7} = {744DEBDA-5B96-3EC5-865A-3B39B3422ED7}
	EndProjectSection
EndProject
Project("{8BC9CEB8-8B4A-11D0-8D11-00A0C91BC942}") = "webputilsdecode", "libwebp\webputilsdecode.vcxproj", "{CEE40B60-9711-36C5-8EC4-2C568C2F0976}"
	ProjectSection(ProjectDependencies) = postProject
		{744DEBDA-5B96-3EC5-865A-3B39B3422ED7} = {744DEBDA-5B96-3EC5-865A-3B39B3422ED7}
	EndProjectSection
EndProject
Global
	GlobalSection(SolutionConfigurationPlatforms) = preSolution
		Debug|x64 = Debug|x64
		Release|x64 = Release|x64
		MinSizeRel|x64 = MinSizeRel|x64
		RelWithDebInfo|x64 = RelWithDebInfo|x64
	EndGlobalSection
	GlobalSection(ProjectConfigurationPlatforms) = postSolution
		{F2339756-1683-32BD-A156-14121D3D8A06}.Debug|x64.ActiveCfg = Debug|x64
		{F2339756-1683-32BD-A156-14121D3D8A06}.Debug|x64.Build.0 = Debug|x64
		{F2339756-1683-32BD-A156-14121D3D8A06}.Release|x64.ActiveCfg = Release|x64
		{F2339756-1683-32BD-A156-14121D3D8A06}.Release|x64.Build.0 = Release|x64
		{F2339756-1683-32BD-A156-14121D3D8A06}.MinSizeRel|x64.ActiveCfg = MinSizeRel|x64
		{F2339756-1683-32BD-A156-14121D3D8A06}.MinSizeRel|x64.Build.0 = MinSizeRel|x64
		{F2339756-1683-32BD-A156-14121D3D8A06}.RelWithDebInfo|x64.ActiveCfg = RelWithDebInfo|x64
		{F2339756-1683-32BD-A156-14121D3D8A06}.RelWithDebInfo|x64.Build.0 = RelWithDebInfo|x64
		{47E7C8D6-F9D1-3431-9D2A-7FBE183A58D4}.Debug|x64.ActiveCfg = Debug|x64
		{47E7C8D6-F9D1-3431-9D2A-7FBE183A58D4}.Debug|x64.Build.0 = Debug|x64
		{47E7C8D6-F9D1-3431-9D2A-7FBE183A58D4}.Release|x64.ActiveCfg = Release|x64
		{47E7C8D6-F9D1-3431-9D2A-7FBE183A58D4}.Release|x64.Build.0 = Release|x64
		{47E7C8D6-F9D1-3431-9D2A-7FBE183A58D4}.MinSizeRel|x64.ActiveCfg = MinSizeRel|x64
		{47E7C8D6-F9D1-3431-9D2A-7FBE183A58D4}.MinSizeRel|x64.Build.0 = MinSizeRel|x64
		{47E7C8D6-F9D1-3431-9D2A-7FBE183A58D4}.RelWithDebInfo|x64.ActiveCfg = RelWithDebInfo|x64
		{47E7C8D6-F9D1-3431-9D2A-7FBE183A58D4}.RelWithDebInfo|x64.Build.0 = RelWithDebInfo|x64
		{D236EC46-D339-36F4-8BA9-EE9F3AB819C9}.Debug|x64.ActiveCfg = Debug|x64
		{D236EC46-D339-36F4-8BA9-EE9F3AB819C9}.Release|x64.ActiveCfg = Release|x64
		{D236EC46-D339-36F4-8BA9-EE9F3AB819C9}.MinSizeRel|x64.ActiveCfg = MinSizeRel|x64
		{D236EC46-D339-36F4-8BA9-EE9F3AB819C9}.RelWithDebInfo|x64.ActiveCfg = RelWithDebInfo|x64
		{BEC3C4C1-C380-3983-9DD3-0B361226DBEB}.Debug|x64.ActiveCfg = Debug|x64
		{BEC3C4C1-C380-3983-9DD3-0B361226DBEB}.Debug|x64.Build.0 = Debug|x64
		{BEC3C4C1-C380-3983-9DD3-0B361226DBEB}.Release|x64.ActiveCfg = Release|x64
		{BEC3C4C1-C380-3983-9DD3-0B361226DBEB}.Release|x64.Build.0 = Release|x64
		{BEC3C4C1-C380-3983-9DD3-0B361226DBEB}.MinSizeRel|x64.ActiveCfg = MinSizeRel|x64
		{BEC3C4C1-C380-3983-9DD3-0B361226DBEB}.MinSizeRel|x64.Build.0 = MinSizeRel|x64
		{BEC3C4C1-C380-3983-9DD3-0B361226DBEB}.RelWithDebInfo|x64.ActiveCfg = RelWithDebInfo|x64
		{BEC3C4C1-C380-3983-9DD3-0B361226DBEB}.RelWithDebInfo|x64.Build.0 = RelWithDebInfo|x64
		{8CCE6A28-3015-3C5A-8736-57C39FF72C14}.Debug|x64.ActiveCfg = Debug|x64
		{8CCE6A28-3015-3C5A-8736-57C39FF72C14}.Debug|x64.Build.0 = Debug|x64
		{8CCE6A28-3015-3C5A-8736-57C39FF72C14}.Release|x64.ActiveCfg = Release|x64
		{8CCE6A28-3015-3C5A-8736-57C39FF72C14}.Release|x64.Build.0 = Release|x64
		{8CCE6A28-3015-3C5A-8736-57C39FF72C14}.MinSizeRel|x64.ActiveCfg = MinSizeRel|x64
		{8CCE6A28-3015-3C5A-8736-57C39FF72C14}.MinSizeRel|x64.Build.0 = MinSizeRel|x64
		{8CCE6A28-3015-3C5A-8736-57C39FF72C14}.RelWithDebInfo|x64.ActiveCfg = RelWithDebInfo|x64
		{8CCE6A28-3015-3C5A-8736-57C39FF72C14}.RelWithDebInfo|x64.Build.0 = RelWithDebInfo|x64
		{2A156381-65CB-36B0-9F64-FAB4F7C4DD4B}.Debug|x64.ActiveCfg = Debug|x64
		{2A156381-65CB-36B0-9F64-FAB4F7C4DD4B}.Debug|x64.Build.0 = Debug|x64
		{2A156381-65CB-36B0-9F64-FAB4F7C4DD4B}.Release|x64.ActiveCfg = Release|x64
		{2A156381-65CB-36B0-9F64-FAB4F7C4DD4B}.Release|x64.Build.0 = Release|x64
		{2A156381-65CB-36B0-9F64-FAB4F7C4DD4B}.MinSizeRel|x64.ActiveCfg = MinSizeRel|x64
		{2A156381-65CB-36B0-9F64-FAB4F7C4DD4B}.MinSizeRel|x64.Build.0 = MinSizeRel|x64
		{2A156381-65CB-36B0-9F64-FAB4F7C4DD4B}.RelWithDebInfo|x64.ActiveCfg = RelWithDebInfo|x64
		{2A156381-65CB-36B0-9F64-FAB4F7C4DD4B}.RelWithDebInfo|x64.Build.0 = RelWithDebInfo|x64
		{0737FC71-18AD-3EF2-8312-4FF8B35EEB0D}.Debug|x64.ActiveCfg = Debug|x64
		{0737FC71-18AD-3EF2-8312-4FF8B35EEB0D}.Debug|x64.Build.0 = Debug|x64
		{0737FC71-18AD-3EF2-8312-4FF8B35EEB0D}.Release|x64.ActiveCfg = Release|x64
		{0737FC71-18AD-3EF2-8312-4FF8B35EEB0D}.Release|x64.Build.0 = Release|x64
		{0737FC71-18AD-3EF2-8312-4FF8B35EEB0D}.MinSizeRel|x64.ActiveCfg = MinSizeRel|x64
		{0737FC71-18AD-3EF2-8312-4FF8B35EEB0D}.MinSizeRel|x64.Build.0 = MinSizeRel|x64
		{0737FC71-18AD-3EF2-8312-4FF8B35EEB0D}.RelWithDebInfo|x64.ActiveCfg = RelWithDebInfo|x64
		{0737FC71-18AD-3EF2-8312-4FF8B35EEB0D}.RelWithDebInfo|x64.Build.0 = RelWithDebInfo|x64
		{744DEBDA-5B96-3EC5-865A-3B39B3422ED7}.Debug|x64.ActiveCfg = Debug|x64
		{744DEBDA-5B96-3EC5-865A-3B39B3422ED7}.Debug|x64.Build.0 = Debug|x64
		{744DEBDA-5B96-3EC5-865A-3B39B3422ED7}.Release|x64.ActiveCfg = Release|x64
		{744DEBDA-5B96-3EC5-865A-3B39B3422ED7}.Release|x64.Build.0 = Release|x64
		{744DEBDA-5B96-3EC5-865A-3B39B3422ED7}.MinSizeRel|x64.ActiveCfg = MinSizeRel|x64
		{744DEBDA-5B96-3EC5-865A-3B39B3422ED7}.MinSizeRel|x64.Build.0 = MinSizeRel|x64
		{744DEBDA-5B96-3EC5-865A-3B39B3422ED7}.RelWithDebInfo|x64.ActiveCfg = RelWithDebInfo|x64
		{744DEBDA-5B96-3EC5-865A-3B39B3422ED7}.RelWithDebInfo|x64.Build.0 = RelWithDebInfo|x64
		{F865AD63-3907-39C9-BF01-8BD2D7DEA012}.Debug|x64.ActiveCfg = Debug|x64
		{F865AD63-3907-39C9-BF01-8BD2D7DEA012}.Debug|x64.Build.0 = Debug|x64
		{F865AD63-3907-39C9-BF01-8BD2D7DEA012}.Release|x64.ActiveCfg = Release|x64
		{F865AD63-3907-39C9-BF01-8BD2D7DEA012}.Release|x64.Build.0 = Release|x64
		{F865AD63-3907-39C9-BF01-8BD2D7DEA012}.MinSizeRel|x64.ActiveCfg = MinSizeRel|x64
		{F865AD63-3907-39C9-BF01-8BD2D7DEA012}.MinSizeRel|x64.Build.0 = MinSizeRel|x64
		{F865AD63-3907-39C9-BF01-8BD2D7DEA012}.RelWithDebInfo|x64.ActiveCfg = RelWithDebInfo|x64
		{F865AD63-3907-39C9-BF01-8BD2D7DEA012}.RelWithDebInfo|x64.Build.0 = RelWithDebInfo|x64
		{BF7390EB-E01D-34F2-9B52-7D38BB9E7E42}.Debug|x64.ActiveCfg = Debug|x64
		{BF7390EB-E01D-34F2-9B52-7D38BB9E7E42}.Debug|x64.Build.0 = Debug|x64
		{BF7390EB-E01D-34F2-9B52-7D38BB9E7E42}.Release|x64.ActiveCfg = Release|x64
		{BF7390EB-E01D-34F2-9B52-7D38BB9E7E42}.Release|x64.Build.0 = Release|x64
		{BF7390EB-E01D-34F2-9B52-7D38BB9E7E42}.MinSizeRel|x64.ActiveCfg = MinSizeRel|x64
		{BF7390EB-E01D-34F2-9B52-7D38BB9E7E42}.MinSizeRel|x64.Build.0 = MinSizeRel|x64
		{BF7390EB-E01D-34F2-9B52-7D38BB9E7E42}.RelWithDebInfo|x64.ActiveCfg = RelWithDebInfo|x64
		{BF7390EB-E01D-34F2-9B52-7D38BB9E7E42}.RelWithDebInfo|x64.Build.0 = RelWithDebInfo|x64
		{CE9724F5-8A33-3613-955E-1E6D80B12744}.Debug|x64.ActiveCfg = Debug|x64
		{CE9724F5-8A33-3613-955E-1E6D80B12744}.Debug|x64.Build.0 = Debug|x64
		{CE9724F5-8A33-3613-955E-1E6D80B12744}.Release|x64.ActiveCfg = Release|x64
		{CE9724F5-8A33-3613-955E-1E6D80B12744}.Release|x64.Build.0 = Release|x64
		{CE9724F5-8A33-3613-955E-1E6D80B12744}.MinSizeRel|x64.ActiveCfg = MinSizeRel|x64
		{CE9724F5-8A33-3613-955E-1E6D80B12744}.MinSizeRel|x64.Build.0 = MinSizeRel|x64
		{CE9724F5-8A33-3613-955E-1E6D80B12744}.RelWithDebInfo|x64.ActiveCfg = RelWithDebInfo|x64
		{CE9724F5-8A33-3613-955E-1E6D80B12744}.RelWithDebInfo|x64.Build.0 = RelWithDebInfo|x64
		{895F8BC7-F804-3B42-8920-554D1B81939A}.Debug|x64.ActiveCfg = Debug|x64
		{895F8BC7-F804-3B42-8920-554D1B81939A}.Debug|x64.Build.0 = Debug|x64
		{895F8BC7-F804-3B42-8920-554D1B81939A}.Release|x64.ActiveCfg = Release|x64
		{895F8BC7-F804-3B42-8920-554D1B81939A}.Release|x64.Build.0 = Release|x64
		{895F8BC7-F804-3B42-8920-554D1B81939A}.MinSizeRel|x64.ActiveCfg = MinSizeRel|x64
		{895F8BC7-F804-3B42-8920-554D1B81939A}.MinSizeRel|x64.Build.0 = MinSizeRel|x64
		{895F8BC7-F804-3B42-8920-554D1B81939A}.RelWithDebInfo|x64.ActiveCfg = RelWithDebInfo|x64
		{895F8BC7-F804-3B42-8920-554D1B81939A}.RelWithDebInfo|x64.Build.0 = RelWithDebInfo|x64
		{380A29BD-2876-357E-9D3B-1A59F8F86DA6}.Debug|x64.ActiveCfg = Debug|x64
		{380A29BD-2876-357E-9D3B-1A59F8F86DA6}.Debug|x64.Build.0 = Debug|x64
		{380A29BD-2876-357E-9D3B-1A59F8F86DA6}.Release|x64.ActiveCfg = Release|x64
		{380A29BD-2876-357E-9D3B-1A59F8F86DA6}.Release|x64.Build.0 = Release|x64
		{380A29BD-2876-357E-9D3B-1A59F8F86DA6}.MinSizeRel|x64.ActiveCfg = MinSizeRel|x64
		{380A29BD-2876-357E-9D3B-1A59F8F86DA6}.MinSizeRel|x64.Build.0 = MinSizeRel|x64
		{380A29BD-2876-357E-9D3B-1A59F8F86DA6}.RelWithDebInfo|x64.ActiveCfg = RelWithDebInfo|x64
		{380A29BD-2876-357E-9D3B-1A59F8F86DA6}.RelWithDebInfo|x64.Build.0 = RelWithDebInfo|x64
		{6C3D6F5E-73A7-3484-AA44-A4CD846B72F9}.Debug|x64.ActiveCfg = Debug|x64
		{6C3D6F5E-73A7-3484-AA44-A4CD846B72F9}.Debug|x64.Build.0 = Debug|x64
		{6C3D6F5E-73A7-3484-AA44-A4CD846B72F9}.Release|x64.ActiveCfg = Release|x64
		{6C3D6F5E-73A7-3484-AA44-A4CD846B72F9}.Release|x64.Build.0 = Release|x64
		{6C3D6F5E-73A7-3484-AA44-A4CD846B72F9}.MinSizeRel|x64.ActiveCfg = MinSizeRel|x64
		{6C3D6F5E-73A7-3484-AA44-A4CD846B72F9}.MinSizeRel|x64.Build.0 = MinSizeRel|x64
		{6C3D6F5E-73A7-3484-AA44-A4CD846B72F9}.RelWithDebInfo|x64.ActiveCfg = RelWithDebInfo|x64
		{6C3D6F5E-73A7-3484-AA44-A4CD846B72F9}.RelWithDebInfo|x64.Build.0 = RelWithDebInfo|x64
		{66E89723-F79F-35C9-A64F-3E3E638344CE}.Debug|x64.ActiveCfg = Debug|x64
		{66E89723-F79F-35C9-A64F-3E3E638344CE}.Debug|x64.Build.0 = Debug|x64
		{66E89723-F79F-35C9-A64F-3E3E638344CE}.Release|x64.ActiveCfg = Release|x64
		{66E89723-F79F-35C9-A64F-3E3E638344CE}.Release|x64.Build.0 = Release|x64
		{66E89723-F79F-35C9-A64F-3E3E638344CE}.MinSizeRel|x64.ActiveCfg = MinSizeRel|x64
		{66E89723-F79F-35C9-A64F-3E3E638344CE}.MinSizeRel|x64.Build.0 = MinSizeRel|x64
		{66E89723-F79F-35C9-A64F-3E3E638344CE}.RelWithDebInfo|x64.ActiveCfg = RelWithDebInfo|x64
		{66E89723-F79F-35C9-A64F-3E3E638344CE}.RelWithDebInfo|x64.Build.0 = RelWithDebInfo|x64
		{6C032D66-3242-342C-B187-1D2B6653F24E}.Debug|x64.ActiveCfg = Debug|x64
		{6C032D66-3242-342C-B187-1D2B6653F24E}.Debug|x64.Build.0 = Debug|x64
		{6C032D66-3242-342C-B187-1D2B6653F24E}.Release|x64.ActiveCfg = Release|x64
		{6C032D66-3242-342C-B187-1D2B6653F24E}.Release|x64.Build.0 = Release|x64
		{6C032D66-3242-342C-B187-1D2B6653F24E}.MinSizeRel|x64.ActiveCfg = MinSizeRel|x64
		{6C032D66-3242-342C-B187-1D2B6653F24E}.MinSizeRel|x64.Build.0 = MinSizeRel|x64
		{6C032D66-3242-342C-B187-1D2B6653F24E}.RelWithDebInfo|x64.ActiveCfg = RelWithDebInfo|x64
		{6C032D66-3242-342C-B187-1D2B6653F24E}.RelWithDebInfo|x64.Build.0 = RelWithDebInfo|x64
		{B75A3873-BF8A-34DF-94EB-4BC249FA1127}.Debug|x64.ActiveCfg = Debug|x64
		{B75A3873-BF8A-34DF-94EB-4BC249FA1127}.Debug|x64.Build.0 = Debug|x64
		{B75A3873-BF8A-34DF-94EB-4BC249FA1127}.Release|x64.ActiveCfg = Release|x64
		{B75A3873-BF8A-34DF-94EB-4BC249FA1127}.Release|x64.Build.0 = Release|x64
		{B75A3873-BF8A-34DF-94EB-4BC249FA1127}.MinSizeRel|x64.ActiveCfg = MinSizeRel|x64
		{B75A3873-BF8A-34DF-94EB-4BC249FA1127}.MinSizeRel|x64.Build.0 = MinSizeRel|x64
		{B75A3873-BF8A-34DF-94EB-4BC249FA1127}.RelWithDebInfo|x64.ActiveCfg = RelWithDebInfo|x64
		{B75A3873-BF8A-34DF-94EB-4BC249FA1127}.RelWithDebInfo|x64.Build.0 = RelWithDebInfo|x64
		{2101A511-6307-30DE-B351-51E8652A184E}.Debug|x64.ActiveCfg = Debug|x64
		{2101A511-6307-30DE-B351-51E8652A184E}.Debug|x64.Build.0 = Debug|x64
		{2101A511-6307-30DE-B351-51E8652A184E}.Release|x64.ActiveCfg = Release|x64
		{2101A511-6307-30DE-B351-51E8652A184E}.Release|x64.Build.0 = Release|x64
		{2101A511-6307-30DE-B351-51E8652A184E}.MinSizeRel|x64.ActiveCfg = MinSizeRel|x64
		{2101A511-6307-30DE-B351-51E8652A184E}.MinSizeRel|x64.Build.0 = MinSizeRel|x64
		{2101A511-6307-30DE-B351-51E8652A184E}.RelWithDebInfo|x64.ActiveCfg = RelWithDebInfo|x64
		{2101A511-6307-30DE-B351-51E8652A184E}.RelWithDebInfo|x64.Build.0 = RelWithDebInfo|x64
		{3178C3C2-C344-315A-9A71-3D5314AA4A94}.Debug|x64.ActiveCfg = Debug|x64
		{3178C3C2-C344-315A-9A71-3D5314AA4A94}.Debug|x64.Build.0 = Debug|x64
		{3178C3C2-C344-315A-9A71-3D5314AA4A94}.Release|x64.ActiveCfg = Release|x64
		{3178C3C2-C344-315A-9A71-3D5314AA4A94}.Release|x64.Build.0 = Release|x64
		{3178C3C2-C344-315A-9A71-3D5314AA4A94}.MinSizeRel|x64.ActiveCfg = MinSizeRel|x64
		{3178C3C2-C344-315A-9A71-3D5314AA4A94}.MinSizeRel|x64.Build.0 = MinSizeRel|x64
		{3178C3C2-C344-315A-9A71-3D5314AA4A94}.RelWithDebInfo|x64.ActiveCfg = RelWithDebInfo|x64
		{3178C3C2-C344-315A-9A71-3D5314AA4A94}.RelWithDebInfo|x64.Build.0 = RelWithDebInfo|x64
		{A7C609DF-E701-3ABE-BFFD-95D7FC98292A}.Debug|x64.ActiveCfg = Debug|x64
		{A7C609DF-E701-3ABE-BFFD-95D7FC98292A}.Debug|x64.Build.0 = Debug|x64
		{A7C609DF-E701-3ABE-BFFD-95D7FC98292A}.Release|x64.ActiveCfg = Release|x64
		{A7C609DF-E701-3ABE-BFFD-95D7FC98292A}.Release|x64.Build.0 = Release|x64
		{A7C609DF-E701-3ABE-BFFD-95D7FC98292A}.MinSizeRel|x64.ActiveCfg = MinSizeRel|x64
		{A7C609DF-E701-3ABE-BFFD-95D7FC98292A}.MinSizeRel|x64.Build.0 = MinSizeRel|x64
		{A7C609DF-E701-3ABE-BFFD-95D7FC98292A}.RelWithDebInfo|x64.ActiveCfg = RelWithDebInfo|x64
		{A7C609DF-E701-3ABE-BFFD-95D7FC98292A}.RelWithDebInfo|x64.Build.0 = RelWithDebInfo|x64
		{F2DA8290-6C80-3399-9B7C-D987C1B2CBBC}.Debug|x64.ActiveCfg = Debug|x64
		{F2DA8290-6C80-3399-9B7C-D987C1B2CBBC}.Debug|x64.Build.0 = Debug|x64
		{F2DA8290-6C80-3399-9B7C-D987C1B2CBBC}.Release|x64.ActiveCfg = Release|x64
		{F2DA8290-6C80-3399-9B7C-D987C1B2CBBC}.Release|x64.Build.0 = Release|x64
		{F2DA8290-6C80-3399-9B7C-D987C1B2CBBC}.MinSizeRel|x64.ActiveCfg = MinSizeRel|x64
		{F2DA8290-6C80-3399-9B7C-D987C1B2CBBC}.MinSizeRel|x64.Build.0 = MinSizeRel|x64
		{F2DA8290-6C80-3399-9B7C-D987C1B2CBBC}.RelWithDebInfo|x64.ActiveCfg = RelWithDebInfo|x64
		{F2DA8290-6C80-3399-9B7C-D987C1B2CBBC}.RelWithDebInfo|x64.Build.0 = RelWithDebInfo|x64
		{FDD26FE5-1900-3E53-8728-FE15EC6F41FF}.Debug|x64.ActiveCfg = Debug|x64
		{FDD26FE5-1900-3E53-8728-FE15EC6F41FF}.Debug|x64.Build.0 = Debug|x64
		{FDD26FE5-1900-3E53-8728-FE15EC6F41FF}.Release|x64.ActiveCfg = Release|x64
		{FDD26FE5-1900-3E53-8728-FE15EC6F41FF}.Release|x64.Build.0 = Release|x64
		{FDD26FE5-1900-3E53-8728-FE15EC6F41FF}.MinSizeRel|x64.ActiveCfg = MinSizeRel|x64
		{FDD26FE5-1900-3E53-8728-FE15EC6F41FF}.MinSizeRel|x64.Build.0 = MinSizeRel|x64
		{FDD26FE5-1900-3E53-8728-FE15EC6F41FF}.RelWithDebInfo|x64.ActiveCfg = RelWithDebInfo|x64
		{FDD26FE5-1900-3E53-8728-FE15EC6F41FF}.RelWithDebInfo|x64.Build.0 = RelWithDebInfo|x64
		{8C795F49-F5FA-360D-9492-0FAAEF5386BE}.Debug|x64.ActiveCfg = Debug|x64
		{8C795F49-F5FA-360D-9492-0FAAEF5386BE}.Debug|x64.Build.0 = Debug|x64
		{8C795F49-F5FA-360D-9492-0FAAEF5386BE}.Release|x64.ActiveCfg = Release|x64
		{8C795F49-F5FA-360D-9492-0FAAEF5386BE}.Release|x64.Build.0 = Release|x64
		{8C795F49-F5FA-360D-9492-0FAAEF5386BE}.MinSizeRel|x64.ActiveCfg = MinSizeRel|x64
		{8C795F49-F5FA-360D-9492-0FAAEF5386BE}.MinSizeRel|x64.Build.0 = MinSizeRel|x64
		{8C795F49-F5FA-360D-9492-0FAAEF5386BE}.RelWithDebInfo|x64.ActiveCfg = RelWithDebInfo|x64
		{8C795F49-F5FA-360D-9492-0FAAEF5386BE}.RelWithDebInfo|x64.Build.0 = RelWithDebInfo|x64
		{CEE40B60-9711-36C5-8EC4-2C568C2F0976}.Debug|x64.ActiveCfg = Debug|x64
		{CEE40B60-9711-36C5-8EC4-2C568C2F0976}.Debug|x64.Build.0 = Debug|x64
		{CEE40B60-9711-36C5-8EC4-2C568C2F0976}.Release|x64.ActiveCfg = Release|x64
		{CEE40B60-9711-36C5-8EC4-2C568C2F0976}.Release|x64.Build.0 = Release|x64
		{CEE40B60-9711-36C5-8EC4-2C568C2F0976}.MinSizeRel|x64.ActiveCfg = MinSizeRel|x64
		{CEE40B60-9711-36C5-8EC4-2C568C2F0976}.MinSizeRel|x64.Build.0 = MinSizeRel|x64
		{CEE40B60-9711-36C5-8EC4-2C568C2F0976}.RelWithDebInfo|x64.ActiveCfg = RelWithDebInfo|x64
		{CEE40B60-9711-36C5-8EC4-2C568C2F0976}.RelWithDebInfo|x64.Build.0 = RelWithDebInfo|x64
	EndGlobalSection
	GlobalSection(NestedProjects) = preSolution
		{F2339756-1683-32BD-A156-14121D3D8A06} = {1E4A98DD-ABDB-3196-B8C3-1A9F9016087E}
		{D236EC46-D339-36F4-8BA9-EE9F3AB819C9} = {1E4A98DD-ABDB-3196-B8C3-1A9F9016087E}
		{744DEBDA-5B96-3EC5-865A-3B39B3422ED7} = {1E4A98DD-ABDB-3196-B8C3-1A9F9016087E}
		{47E7C8D6-F9D1-3431-9D2A-7FBE183A58D4} = {67C97216-7C38-3601-84DD-EF079D51F47E}
		{BEC3C4C1-C380-3983-9DD3-0B361226DBEB} = {67C97216-7C38-3601-84DD-EF079D51F47E}
		{8CCE6A28-3015-3C5A-8736-57C39FF72C14} = {67C97216-7C38-3601-84DD-EF079D51F47E}
		{2A156381-65CB-36B0-9F64-FAB4F7C4DD4B} = {67C97216-7C38-3601-84DD-EF079D51F47E}
		{0737FC71-18AD-3EF2-8312-4FF8B35EEB0D} = {67C97216-7C38-3601-84DD-EF079D51F47E}
		{BF7390EB-E01D-34F2-9B52-7D38BB9E7E42} = {67C97216-7C38-3601-84DD-EF079D51F47E}
		{895F8BC7-F804-3B42-8920-554D1B81939A} = {DCFE9AD5-61A6-36E1-BEAB-4CF6E7E84343}
		{380A29BD-2876-357E-9D3B-1A59F8F86DA6} = {DCFE9AD5-61A6-36E1-BEAB-4CF6E7E84343}
	EndGlobalSection
	GlobalSection(ExtensibilityGlobals) = postSolution
		SolutionGuid = {842329CE-A93F-3537-8BEB-742DFA746DA1}
	EndGlobalSection
	GlobalSection(ExtensibilityAddIns) = postSolution
	EndGlobalSection
EndGlobal
